
Microsoft Visual Studio Solution File, Format Version 12.00
# Visual Studio 14
VisualStudioVersion = 14.0.25420.1
MinimumVisualStudioVersion = 10.0.40219.1
Project("{8BC9CEB8-8B4A-11D0-8D11-00A0C91BC942}") = "testCat", "testCat.vcxproj", "{8CA4B80F-2064-4E3E-B4F0-055D4E9D3E22}"
	ProjectSection(ProjectDependencies) = postProject
		{DFA62201-D2BB-42F8-AB67-3B51889A94E6} = {DFA62201-D2BB-42F8-AB67-3B51889A94E6}
		{88ECD611-2CAE-4EB0-BA22-7EDE7E390FA7} = {88ECD611-2CAE-4EB0-BA22-7EDE7E390FA7}
		{B4971927-EAAF-420B-9BC4-3684E67F51D8} = {B4971927-EAAF-420B-9BC4-3684E67F51D8}
		{20683D28-5A56-4F2F-B629-3A534F38FC0C} = {20683D28-5A56-4F2F-B629-3A534F38FC0C}
		{D48A4231-BE2C-4C69-A945-F36C9A243A05} = {D48A4231-BE2C-4C69-A945-F36C9A243A05}
		{1E99936E-1F22-496D-AF16-39D21D2764F7} = {1E99936E-1F22-496D-AF16-39D21D2764F7}
		{47E4877B-172E-473F-9BBB-800D67EB8C1A} = {47E4877B-172E-473F-9BBB-800D67EB8C1A}
		{8064A489-B48B-426C-8E14-5BC7D884826E} = {8064A489-B48B-426C-8E14-5BC7D884826E}
		{5A36588E-CDEB-43CD-B592-8ADC011B7DC3} = {5A36588E-CDEB-43CD-B592-8ADC011B7DC3}
		{98D04B96-D599-4581-80D8-601DAE5CC0DF} = {98D04B96-D599-4581-80D8-601DAE5CC0DF}
		{F72060DB-B7D6-4BC4-8A75-A32A80B1B59F} = {F72060DB-B7D6-4BC4-8A75-A32A80B1B59F}
	EndProjectSection
EndProject
Project("{8BC9CEB8-8B4A-11D0-8D11-00A0C91BC942}") = "gfx", "..\free\gfx\gfx.vcxproj", "{DFA62201-D2BB-42F8-AB67-3B51889A94E6}"
EndProject
Project("{8BC9CEB8-8B4A-11D0-8D11-00A0C91BC942}") = "libpng", "..\free\libpng\libpng.vcxproj", "{D48A4231-BE2C-4C69-A945-F36C9A243A05}"
EndProject
Project("{8BC9CEB8-8B4A-11D0-8D11-00A0C91BC942}") = "libtga", "..\free\libtga\libtga.vcxproj", "{1E99936E-1F22-496D-AF16-39D21D2764F7}"
EndProject
Project("{8BC9CEB8-8B4A-11D0-8D11-00A0C91BC942}") = "scl", "..\free\scl\scl.vcxproj", "{F72060DB-B7D6-4BC4-8A75-A32A80B1B59F}"
EndProject
Project("{8BC9CEB8-8B4A-11D0-8D11-00A0C91BC942}") = "zlib", "..\free\zlib\zlib.vcxproj", "{98D04B96-D599-4581-80D8-601DAE5CC0DF}"
EndProject
Project("{8BC9CEB8-8B4A-11D0-8D11-00A0C91BC942}") = "libktx", "..\free\libktx\libktx.vcxproj", "{5A36588E-CDEB-43CD-B592-8ADC011B7DC3}"
EndProject
Project("{8BC9CEB8-8B4A-11D0-8D11-00A0C91BC942}") = "cat", "..\cat\cat.vcxproj", "{20683D28-5A56-4F2F-B629-3A534F38FC0C}"
	ProjectSection(ProjectDependencies) = postProject
		{DFA62201-D2BB-42F8-AB67-3B51889A94E6} = {DFA62201-D2BB-42F8-AB67-3B51889A94E6}
		{D48A4231-BE2C-4C69-A945-F36C9A243A05} = {D48A4231-BE2C-4C69-A945-F36C9A243A05}
		{1E99936E-1F22-496D-AF16-39D21D2764F7} = {1E99936E-1F22-496D-AF16-39D21D2764F7}
		{5A36588E-CDEB-43CD-B592-8ADC011B7DC3} = {5A36588E-CDEB-43CD-B592-8ADC011B7DC3}
		{98D04B96-D599-4581-80D8-601DAE5CC0DF} = {98D04B96-D599-4581-80D8-601DAE5CC0DF}
		{F72060DB-B7D6-4BC4-8A75-A32A80B1B59F} = {F72060DB-B7D6-4BC4-8A75-A32A80B1B59F}
	EndProjectSection
EndProject
Project("{8BC9CEB8-8B4A-11D0-8D11-00A0C91BC942}") = "catVulkanRender", "..\catVulkanRender\catVulkanRender.vcxproj", "{8064A489-B48B-426C-8E14-5BC7D884826E}"
EndProject
Project("{8BC9CEB8-8B4A-11D0-8D11-00A0C91BC942}") = "jpeg_turbo", "..\free\jpeg_turbo\jpeg_turbo.vcxproj", "{88ECD611-2CAE-4EB0-BA22-7EDE7E390FA7}"
EndProject
Project("{8BC9CEB8-8B4A-11D0-8D11-00A0C91BC942}") = "spirv_cross_vs2015", "..\free\spirv_cross\spirv_cross_vs2015.vcxproj", "{B4971927-EAAF-420B-9BC4-3684E67F51D8}"
EndProject
Project("{8BC9CEB8-8B4A-11D0-8D11-00A0C91BC942}") = "imgui", "..\free\imgui\imgui.vcxproj", "{47E4877B-172E-473F-9BBB-800D67EB8C1A}"
EndProject
Global
	GlobalSection(SolutionConfigurationPlatforms) = preSolution
		Debug_PNG|Win32 = Debug_PNG|Win32
		Debug_PNG|x64 = Debug_PNG|x64
		Debug|Win32 = Debug|Win32
		Debug|x64 = Debug|x64
		Release|Win32 = Release|Win32
		Release|x64 = Release|x64
	EndGlobalSection
	GlobalSection(ProjectConfigurationPlatforms) = postSolution
		{8CA4B80F-2064-4E3E-B4F0-055D4E9D3E22}.Debug_PNG|Win32.ActiveCfg = Debug|Win32
		{8CA4B80F-2064-4E3E-B4F0-055D4E9D3E22}.Debug_PNG|Win32.Build.0 = Debug|Win32
		{8CA4B80F-2064-4E3E-B4F0-055D4E9D3E22}.Debug_PNG|x64.ActiveCfg = Release|Win32
		{8CA4B80F-2064-4E3E-B4F0-055D4E9D3E22}.Debug_PNG|x64.Build.0 = Release|Win32
		{8CA4B80F-2064-4E3E-B4F0-055D4E9D3E22}.Debug|Win32.ActiveCfg = Debug|Win32
		{8CA4B80F-2064-4E3E-B4F0-055D4E9D3E22}.Debug|Win32.Build.0 = Debug|Win32
		{8CA4B80F-2064-4E3E-B4F0-055D4E9D3E22}.Debug|x64.ActiveCfg = Debug|Win32
		{8CA4B80F-2064-4E3E-B4F0-055D4E9D3E22}.Release|Win32.ActiveCfg = Release|Win32
		{8CA4B80F-2064-4E3E-B4F0-055D4E9D3E22}.Release|Win32.Build.0 = Release|Win32
		{8CA4B80F-2064-4E3E-B4F0-055D4E9D3E22}.Release|x64.ActiveCfg = Release|Win32
		{DFA62201-D2BB-42F8-AB67-3B51889A94E6}.Debug_PNG|Win32.ActiveCfg = Debug_PNG|Win32
		{DFA62201-D2BB-42F8-AB67-3B51889A94E6}.Debug_PNG|Win32.Build.0 = Debug_PNG|Win32
		{DFA62201-D2BB-42F8-AB67-3B51889A94E6}.Debug_PNG|x64.ActiveCfg = Debug_PNG|Win32
		{DFA62201-D2BB-42F8-AB67-3B51889A94E6}.Debug|Win32.ActiveCfg = Debug|Win32
		{DFA62201-D2BB-42F8-AB67-3B51889A94E6}.Debug|Win32.Build.0 = Debug|Win32
		{DFA62201-D2BB-42F8-AB67-3B51889A94E6}.Debug|x64.ActiveCfg = Debug|Win32
		{DFA62201-D2BB-42F8-AB67-3B51889A94E6}.Release|Win32.ActiveCfg = Release|Win32
		{DFA62201-D2BB-42F8-AB67-3B51889A94E6}.Release|Win32.Build.0 = Release|Win32
		{DFA62201-D2BB-42F8-AB67-3B51889A94E6}.Release|x64.ActiveCfg = Release|Win32
		{D48A4231-BE2C-4C69-A945-F36C9A243A05}.Debug_PNG|Win32.ActiveCfg = Debug|Win32
		{D48A4231-BE2C-4C69-A945-F36C9A243A05}.Debug_PNG|Win32.Build.0 = Debug|Win32
		{D48A4231-BE2C-4C69-A945-F36C9A243A05}.Debug_PNG|x64.ActiveCfg = Release|Win32
		{D48A4231-BE2C-4C69-A945-F36C9A243A05}.Debug_PNG|x64.Build.0 = Release|Win32
		{D48A4231-BE2C-4C69-A945-F36C9A243A05}.Debug|Win32.ActiveCfg = Debug|Win32
		{D48A4231-BE2C-4C69-A945-F36C9A243A05}.Debug|Win32.Build.0 = Debug|Win32
		{D48A4231-BE2C-4C69-A945-F36C9A243A05}.Debug|x64.ActiveCfg = Debug|Win32
		{D48A4231-BE2C-4C69-A945-F36C9A243A05}.Release|Win32.ActiveCfg = Release|Win32
		{D48A4231-BE2C-4C69-A945-F36C9A243A05}.Release|Win32.Build.0 = Release|Win32
		{D48A4231-BE2C-4C69-A945-F36C9A243A05}.Release|x64.ActiveCfg = Release|Win32
		{1E99936E-1F22-496D-AF16-39D21D2764F7}.Debug_PNG|Win32.ActiveCfg = Debug|Win32
		{1E99936E-1F22-496D-AF16-39D21D2764F7}.Debug_PNG|Win32.Build.0 = Debug|Win32
		{1E99936E-1F22-496D-AF16-39D21D2764F7}.Debug_PNG|x64.ActiveCfg = Release|Win32
		{1E99936E-1F22-496D-AF16-39D21D2764F7}.Debug_PNG|x64.Build.0 = Release|Win32
		{1E99936E-1F22-496D-AF16-39D21D2764F7}.Debug|Win32.ActiveCfg = Debug|Win32
		{1E99936E-1F22-496D-AF16-39D21D2764F7}.Debug|Win32.Build.0 = Debug|Win32
		{1E99936E-1F22-496D-AF16-39D21D2764F7}.Debug|x64.ActiveCfg = Debug|Win32
		{1E99936E-1F22-496D-AF16-39D21D2764F7}.Release|Win32.ActiveCfg = Release|Win32
		{1E99936E-1F22-496D-AF16-39D21D2764F7}.Release|Win32.Build.0 = Release|Win32
		{1E99936E-1F22-496D-AF16-39D21D2764F7}.Release|x64.ActiveCfg = Release|Win32
		{F72060DB-B7D6-4BC4-8A75-A32A80B1B59F}.Debug_PNG|Win32.ActiveCfg = Debug|Win32
		{F72060DB-B7D6-4BC4-8A75-A32A80B1B59F}.Debug_PNG|Win32.Build.0 = Debug|Win32
		{F72060DB-B7D6-4BC4-8A75-A32A80B1B59F}.Debug_PNG|x64.ActiveCfg = Debug|x64
		{F72060DB-B7D6-4BC4-8A75-A32A80B1B59F}.Debug_PNG|x64.Build.0 = Debug|x64
		{F72060DB-B7D6-4BC4-8A75-A32A80B1B59F}.Debug|Win32.ActiveCfg = Debug|Win32
		{F72060DB-B7D6-4BC4-8A75-A32A80B1B59F}.Debug|Win32.Build.0 = Debug|Win32
		{F72060DB-B7D6-4BC4-8A75-A32A80B1B59F}.Debug|x64.ActiveCfg = Debug|x64
		{F72060DB-B7D6-4BC4-8A75-A32A80B1B59F}.Debug|x64.Build.0 = Debug|x64
		{F72060DB-B7D6-4BC4-8A75-A32A80B1B59F}.Release|Win32.ActiveCfg = Release|Win32
		{F72060DB-B7D6-4BC4-8A75-A32A80B1B59F}.Release|Win32.Build.0 = Release|Win32
		{F72060DB-B7D6-4BC4-8A75-A32A80B1B59F}.Release|x64.ActiveCfg = Release|x64
		{F72060DB-B7D6-4BC4-8A75-A32A80B1B59F}.Release|x64.Build.0 = Release|x64
		{98D04B96-D599-4581-80D8-601DAE5CC0DF}.Debug_PNG|Win32.ActiveCfg = Debug|Win32
		{98D04B96-D599-4581-80D8-601DAE5CC0DF}.Debug_PNG|Win32.Build.0 = Debug|Win32
		{98D04B96-D599-4581-80D8-601DAE5CC0DF}.Debug_PNG|x64.ActiveCfg = Release|Win32
		{98D04B96-D599-4581-80D8-601DAE5CC0DF}.Debug_PNG|x64.Build.0 = Release|Win32
		{98D04B96-D599-4581-80D8-601DAE5CC0DF}.Debug|Win32.ActiveCfg = Debug|Win32
		{98D04B96-D599-4581-80D8-601DAE5CC0DF}.Debug|Win32.Build.0 = Debug|Win32
		{98D04B96-D599-4581-80D8-601DAE5CC0DF}.Debug|x64.ActiveCfg = Debug|Win32
		{98D04B96-D599-4581-80D8-601DAE5CC0DF}.Release|Win32.ActiveCfg = Release|Win32
		{98D04B96-D599-4581-80D8-601DAE5CC0DF}.Release|Win32.Build.0 = Release|Win32
		{98D04B96-D599-4581-80D8-601DAE5CC0DF}.Release|x64.ActiveCfg = Release|Win32
		{5A36588E-CDEB-43CD-B592-8ADC011B7DC3}.Debug_PNG|Win32.ActiveCfg = Debug|Win32
		{5A36588E-CDEB-43CD-B592-8ADC011B7DC3}.Debug_PNG|Win32.Build.0 = Debug|Win32
		{5A36588E-CDEB-43CD-B592-8ADC011B7DC3}.Debug_PNG|x64.ActiveCfg = Release|Win32
		{5A36588E-CDEB-43CD-B592-8ADC011B7DC3}.Debug_PNG|x64.Build.0 = Release|Win32
		{5A36588E-CDEB-43CD-B592-8ADC011B7DC3}.Debug|Win32.ActiveCfg = Debug|Win32
		{5A36588E-CDEB-43CD-B592-8ADC011B7DC3}.Debug|Win32.Build.0 = Debug|Win32
		{5A36588E-CDEB-43CD-B592-8ADC011B7DC3}.Debug|x64.ActiveCfg = Debug|Win32
		{5A36588E-CDEB-43CD-B592-8ADC011B7DC3}.Release|Win32.ActiveCfg = Release|Win32
		{5A36588E-CDEB-43CD-B592-8ADC011B7DC3}.Release|Win32.Build.0 = Release|Win32
		{5A36588E-CDEB-43CD-B592-8ADC011B7DC3}.Release|x64.ActiveCfg = Release|Win32
		{20683D28-5A56-4F2F-B629-3A534F38FC0C}.Debug_PNG|Win32.ActiveCfg = Debug|Win32
		{20683D28-5A56-4F2F-B629-3A534F38FC0C}.Debug_PNG|Win32.Build.0 = Debug|Win32
		{20683D28-5A56-4F2F-B629-3A534F38FC0C}.Debug_PNG|x64.ActiveCfg = Release|Win32
		{20683D28-5A56-4F2F-B629-3A534F38FC0C}.Debug_PNG|x64.Build.0 = Release|Win32
		{20683D28-5A56-4F2F-B629-3A534F38FC0C}.Debug|Win32.ActiveCfg = Debug|Win32
		{20683D28-5A56-4F2F-B629-3A534F38FC0C}.Debug|Win32.Build.0 = Debug|Win32
		{20683D28-5A56-4F2F-B629-3A534F38FC0C}.Debug|x64.ActiveCfg = Debug|Win32
		{20683D28-5A56-4F2F-B629-3A534F38FC0C}.Release|Win32.ActiveCfg = Release|Win32
		{20683D28-5A56-4F2F-B629-3A534F38FC0C}.Release|Win32.Build.0 = Release|Win32
		{20683D28-5A56-4F2F-B629-3A534F38FC0C}.Release|x64.ActiveCfg = Release|Win32
		{8064A489-B48B-426C-8E14-5BC7D884826E}.Debug_PNG|Win32.ActiveCfg = Debug|Win32
		{8064A489-B48B-426C-8E14-5BC7D884826E}.Debug_PNG|Win32.Build.0 = Debug|Win32
		{8064A489-B48B-426C-8E14-5BC7D884826E}.Debug_PNG|x64.ActiveCfg = Debug|x64
		{8064A489-B48B-426C-8E14-5BC7D884826E}.Debug_PNG|x64.Build.0 = Debug|x64
		{8064A489-B48B-426C-8E14-5BC7D884826E}.Debug|Win32.ActiveCfg = Debug|Win32
		{8064A489-B48B-426C-8E14-5BC7D884826E}.Debug|Win32.Build.0 = Debug|Win32
		{8064A489-B48B-426C-8E14-5BC7D884826E}.Debug|x64.ActiveCfg = Debug|x64
		{8064A489-B48B-426C-8E14-5BC7D884826E}.Debug|x64.Build.0 = Debug|x64
		{8064A489-B48B-426C-8E14-5BC7D884826E}.Release|Win32.ActiveCfg = Release|Win32
		{8064A489-B48B-426C-8E14-5BC7D884826E}.Release|Win32.Build.0 = Release|Win32
		{8064A489-B48B-426C-8E14-5BC7D884826E}.Release|x64.ActiveCfg = Release|x64
		{8064A489-B48B-426C-8E14-5BC7D884826E}.Release|x64.Build.0 = Release|x64
		{88ECD611-2CAE-4EB0-BA22-7EDE7E390FA7}.Debug_PNG|Win32.ActiveCfg = Debug|Win32
		{88ECD611-2CAE-4EB0-BA22-7EDE7E390FA7}.Debug_PNG|Win32.Build.0 = Debug|Win32
		{88ECD611-2CAE-4EB0-BA22-7EDE7E390FA7}.Debug_PNG|x64.ActiveCfg = Debug|x64
		{88ECD611-2CAE-4EB0-BA22-7EDE7E390FA7}.Debug_PNG|x64.Build.0 = Debug|x64
		{88ECD611-2CAE-4EB0-BA22-7EDE7E390FA7}.Debug|Win32.ActiveCfg = Debug|Win32
		{88ECD611-2CAE-4EB0-BA22-7EDE7E390FA7}.Debug|Win32.Build.0 = Debug|Win32
		{88ECD611-2CAE-4EB0-BA22-7EDE7E390FA7}.Debug|x64.ActiveCfg = Debug|x64
		{88ECD611-2CAE-4EB0-BA22-7EDE7E390FA7}.Debug|x64.Build.0 = Debug|x64
		{88ECD611-2CAE-4EB0-BA22-7EDE7E390FA7}.Release|Win32.ActiveCfg = Release|Win32
		{88ECD611-2CAE-4EB0-BA22-7EDE7E390FA7}.Release|Win32.Build.0 = Release|Win32
		{88ECD611-2CAE-4EB0-BA22-7EDE7E390FA7}.Release|x64.ActiveCfg = Release|x64
		{88ECD611-2CAE-4EB0-BA22-7EDE7E390FA7}.Release|x64.Build.0 = Release|x64
		{B4971927-EAAF-420B-9BC4-3684E67F51D8}.Debug_PNG|Win32.ActiveCfg = Debug|Win32
		{B4971927-EAAF-420B-9BC4-3684E67F51D8}.Debug_PNG|Win32.Build.0 = Debug|Win32
		{B4971927-EAAF-420B-9BC4-3684E67F51D8}.Debug_PNG|x64.ActiveCfg = Debug|x64
		{B4971927-EAAF-420B-9BC4-3684E67F51D8}.Debug_PNG|x64.Build.0 = Debug|x64
		{B4971927-EAAF-420B-9BC4-3684E67F51D8}.Debug|Win32.ActiveCfg = Debug|Win32
		{B4971927-EAAF-420B-9BC4-3684E67F51D8}.Debug|Win32.Build.0 = Debug|Win32
		{B4971927-EAAF-420B-9BC4-3684E67F51D8}.Debug|x64.ActiveCfg = Debug|x64
		{B4971927-EAAF-420B-9BC4-3684E67F51D8}.Debug|x64.Build.0 = Debug|x64
		{B4971927-EAAF-420B-9BC4-3684E67F51D8}.Release|Win32.ActiveCfg = Release|Win32
		{B4971927-EAAF-420B-9BC4-3684E67F51D8}.Release|Win32.Build.0 = Release|Win32
		{B4971927-EAAF-420B-9BC4-3684E67F51D8}.Release|x64.ActiveCfg = Release|x64
		{B4971927-EAAF-420B-9BC4-3684E67F51D8}.Release|x64.Build.0 = Release|x64
		{47E4877B-172E-473F-9BBB-800D67EB8C1A}.Debug_PNG|Win32.ActiveCfg = Debug|Win32
		{47E4877B-172E-473F-9BBB-800D67EB8C1A}.Debug_PNG|Win32.Build.0 = Debug|Win32
		{47E4877B-172E-473F-9BBB-800D67EB8C1A}.Debug_PNG|x64.ActiveCfg = Debug|x64
		{47E4877B-172E-473F-9BBB-800D67EB8C1A}.Debug_PNG|x64.Build.0 = Debug|x64
		{47E4877B-172E-473F-9BBB-800D67EB8C1A}.Debug|Win32.ActiveCfg = Debug|Win32
		{47E4877B-172E-473F-9BBB-800D67EB8C1A}.Debug|Win32.Build.0 = Debug|Win32
		{47E4877B-172E-473F-9BBB-800D67EB8C1A}.Debug|x64.ActiveCfg = Debug|x64
		{47E4877B-172E-473F-9BBB-800D67EB8C1A}.Debug|x64.Build.0 = Debug|x64
		{47E4877B-172E-473F-9BBB-800D67EB8C1A}.Release|Win32.ActiveCfg = Release|Win32
		{47E4877B-172E-473F-9BBB-800D67EB8C1A}.Release|Win32.Build.0 = Release|Win32
		{47E4877B-172E-473F-9BBB-800D67EB8C1A}.Release|x64.ActiveCfg = Release|x64
		{47E4877B-172E-473F-9BBB-800D67EB8C1A}.Release|x64.Build.0 = Release|x64
	EndGlobalSection
	GlobalSection(SolutionProperties) = preSolution
		HideSolutionNode = FALSE
	EndGlobalSection
	GlobalSection(ExtensibilityGlobals) = postSolution
		SolutionGuid = {96E20778-52F4-471A-B575-396626E06074}
	EndGlobalSection
EndGlobal
